
Microsoft Visual Studio Solution File, Format Version 12.00
# Visual Studio Version 16
VisualStudioVersion = 16.0.30413.136
MinimumVisualStudioVersion = 10.0.40219.1
Project("{FAE04EC0-301F-11D3-BF4B-00C04F79EFBC}") = "MultiTerminal", "MultiTerminal\MultiTerminal.csproj", "{164710EE-C4A8-449A-A113-2F7E9BCDD821}"
EndProject
Global
	GlobalSection(SolutionConfigurationPlatforms) = preSolution
		Debug|Any CPU = Debug|Any CPU
		Release|Any CPU = Release|Any CPU
	EndGlobalSection
	GlobalSection(ProjectConfigurationPlatforms) = postSolution
		{164710EE-C4A8-449A-A113-2F7E9BCDD821}.Debug|Any CPU.ActiveCfg = Debug|Any CPU
		{164710EE-C4A8-449A-A113-2F7E9BCDD821}.Debug|Any CPU.Build.0 = Debug|Any CPU
		{164710EE-C4A8-449A-A113-2F7E9BCDD821}.Release|Any CPU.ActiveCfg = Release|Any CPU
		{164710EE-C4A8-449A-A113-2F7E9BCDD821}.Release|Any CPU.Build.0 = Release|Any CPU
	EndGlobalSection
	GlobalSection(SolutionProperties) = preSolution
		HideSolutionNode = FALSE
	EndGlobalSection
	GlobalSection(ExtensibilityGlobals) = postSolution
		SolutionGuid = {3EF8A5DD-AB5E-42B9-803A-D88172A6F721}
	EndGlobalSection
EndGlobal
